// !$*UTF8*$!
{
	archiveVersion = 1;
	classes = {
	};
	objectVersion = 52;
	objects = {

/* Begin PBXBuildFile section */
		3A21E088249F5B9100C604AD /* User.swift in Sources */ = {isa = PBXBuildFile; fileRef = 3A21E087249F5B9100C604AD /* User.swift */; };
		3A21E08B249F5BA900C604AD /* Group.swift in Sources */ = {isa = PBXBuildFile; fileRef = 3A21E08A249F5BA900C604AD /* Group.swift */; };
		3A408F1E249DE38200964D45 /* MyFriendsController.swift in Sources */ = {isa = PBXBuildFile; fileRef = 3A408F1D249DE38200964D45 /* MyFriendsController.swift */; };
		3A408F21249DE7EB00964D45 /* MyFriendsCell.swift in Sources */ = {isa = PBXBuildFile; fileRef = 3A408F20249DE7EB00964D45 /* MyFriendsCell.swift */; };
		3A408F24249DEBC600964D45 /* AllGroupsCell.swift in Sources */ = {isa = PBXBuildFile; fileRef = 3A408F23249DEBC600964D45 /* AllGroupsCell.swift */; };
		3A408F26249DEBD700964D45 /* MyGroupsCell.swift in Sources */ = {isa = PBXBuildFile; fileRef = 3A408F25249DEBD700964D45 /* MyGroupsCell.swift */; };
		3A408F28249DEBE800964D45 /* AllGroupsController.swift in Sources */ = {isa = PBXBuildFile; fileRef = 3A408F27249DEBE800964D45 /* AllGroupsController.swift */; };
		3A408F2A249DEC1500964D45 /* MyGroupsController.swift in Sources */ = {isa = PBXBuildFile; fileRef = 3A408F29249DEC1500964D45 /* MyGroupsController.swift */; };
		3A408F2E249F4B3A00964D45 /* FriendCell.swift in Sources */ = {isa = PBXBuildFile; fileRef = 3A408F2D249F4B3A00964D45 /* FriendCell.swift */; };
		3A5593C52494B8740024A35A /* AppDelegate.swift in Sources */ = {isa = PBXBuildFile; fileRef = 3A5593C42494B8740024A35A /* AppDelegate.swift */; };
		3A5593CC2494B8740024A35A /* Main.storyboard in Resources */ = {isa = PBXBuildFile; fileRef = 3A5593CA2494B8740024A35A /* Main.storyboard */; };
		3A5593CE2494B8760024A35A /* Assets.xcassets in Resources */ = {isa = PBXBuildFile; fileRef = 3A5593CD2494B8760024A35A /* Assets.xcassets */; };
		3A5593D92494C5060024A35A /* LoginFormController.swift in Sources */ = {isa = PBXBuildFile; fileRef = 3A5593D82494C5060024A35A /* LoginFormController.swift */; };
		3A57017E24B32DCA0088C958 /* NewsModel.swift in Sources */ = {isa = PBXBuildFile; fileRef = 3A57017D24B32DCA0088C958 /* NewsModel.swift */; };
		3A57018124B337AA0088C958 /* NewsPhotoCollectionCell.swift in Sources */ = {isa = PBXBuildFile; fileRef = 3A57017F24B337AA0088C958 /* NewsPhotoCollectionCell.swift */; };
		3A57018224B337AA0088C958 /* NewsPhotoCollectionCell.xib in Resources */ = {isa = PBXBuildFile; fileRef = 3A57018024B337AA0088C958 /* NewsPhotoCollectionCell.xib */; };
		3A57018424B6EADE0088C958 /* LoadingView.swift in Sources */ = {isa = PBXBuildFile; fileRef = 3A57018324B6EADE0088C958 /* LoadingView.swift */; };
		3A57018624B6EE420088C958 /* LoadingController.swift in Sources */ = {isa = PBXBuildFile; fileRef = 3A57018524B6EE420088C958 /* LoadingController.swift */; };
		3A628AC324D815F00069394C /* SwiftyJSON in Frameworks */ = {isa = PBXBuildFile; productRef = 3A628AC224D815F00069394C /* SwiftyJSON */; };
		3A628AC524D827AA0069394C /* VKResponse.swift in Sources */ = {isa = PBXBuildFile; fileRef = 3A628AC424D827AA0069394C /* VKResponse.swift */; };
		3A71D84224CCC0C700C37141 /* Session.swift in Sources */ = {isa = PBXBuildFile; fileRef = 3A71D84124CCC0C700C37141 /* Session.swift */; };
		3A77F19F24ACF043008F71C2 /* AvatarView.swift in Sources */ = {isa = PBXBuildFile; fileRef = 3A77F19E24ACF043008F71C2 /* AvatarView.swift */; };
		3AA1F11324D1A2D200802C27 /* VKService.swift in Sources */ = {isa = PBXBuildFile; fileRef = 3AA1F11224D1A2D200802C27 /* VKService.swift */; };
		3AA2A8AC24D4C953002CB130 /* Kingfisher in Frameworks */ = {isa = PBXBuildFile; productRef = 3AA2A8AB24D4C953002CB130 /* Kingfisher */; };
		3ABC9DBF24DB39F600687D22 /* Photos.swift in Sources */ = {isa = PBXBuildFile; fileRef = 3ABC9DBE24DB39F600687D22 /* Photos.swift */; };
		3ABC9DC224DC23CB00687D22 /* SliderViewController.swift in Sources */ = {isa = PBXBuildFile; fileRef = 3ABC9DC124DC23CB00687D22 /* SliderViewController.swift */; };
		3AE2FC5E24A87B1D009BFDF2 /* FriendViewController.swift in Sources */ = {isa = PBXBuildFile; fileRef = 3AE2FC5D24A87B1D009BFDF2 /* FriendViewController.swift */; };
		3AE2FC6024A8AD3F009BFDF2 /* LikeControl.swift in Sources */ = {isa = PBXBuildFile; fileRef = 3AE2FC5F24A8AD3F009BFDF2 /* LikeControl.swift */; };
		3AE719A624BE5C85005388C8 /* TransitionController.swift in Sources */ = {isa = PBXBuildFile; fileRef = 3AE719A524BE5C85005388C8 /* TransitionController.swift */; };
		3AE719A824BE5ECA005388C8 /* Animator.swift in Sources */ = {isa = PBXBuildFile; fileRef = 3AE719A724BE5ECA005388C8 /* Animator.swift */; };
		3AE719AA24BF6A3F005388C8 /* ZoomedPictureController.swift in Sources */ = {isa = PBXBuildFile; fileRef = 3AE719A924BF6A3F005388C8 /* ZoomedPictureController.swift */; };
		3AE719AC24BF9F76005388C8 /* CGRectExtension.swift in Sources */ = {isa = PBXBuildFile; fileRef = 3AE719AB24BF9F76005388C8 /* CGRectExtension.swift */; };
		3AEB86FF24D18AFD00F2AF30 /* Alamofire in Frameworks */ = {isa = PBXBuildFile; productRef = 3AEB86FE24D18AFD00F2AF30 /* Alamofire */; };
		3AEB870124D18BC400F2AF30 /* VkAuthViewController.swift in Sources */ = {isa = PBXBuildFile; fileRef = 3AEB870024D18BC400F2AF30 /* VkAuthViewController.swift */; };
		3AEB870424D18C3900F2AF30 /* WebKit.framework in Frameworks */ = {isa = PBXBuildFile; fileRef = 3AEB870324D18C3900F2AF30 /* WebKit.framework */; };
		3AEFCD3D24AD1DA7000EDA36 /* FriendsHeader.swift in Sources */ = {isa = PBXBuildFile; fileRef = 3AEFCD3C24AD1DA7000EDA36 /* FriendsHeader.swift */; };
		3AEFCD4024ADA93A000EDA36 /* NewsCell.swift in Sources */ = {isa = PBXBuildFile; fileRef = 3AEFCD3E24ADA93A000EDA36 /* NewsCell.swift */; };
		3AEFCD4124ADA93A000EDA36 /* NewsCell.xib in Resources */ = {isa = PBXBuildFile; fileRef = 3AEFCD3F24ADA93A000EDA36 /* NewsCell.xib */; };
		3AEFCD4424ADB265000EDA36 /* NewsController.swift in Sources */ = {isa = PBXBuildFile; fileRef = 3AEFCD4324ADB265000EDA36 /* NewsController.swift */; };
/* End PBXBuildFile section */

/* Begin PBXFileReference section */
		3A21E087249F5B9100C604AD /* User.swift */ = {isa = PBXFileReference; lastKnownFileType = sourcecode.swift; path = User.swift; sourceTree = "<group>"; };
		3A21E08A249F5BA900C604AD /* Group.swift */ = {isa = PBXFileReference; lastKnownFileType = sourcecode.swift; path = Group.swift; sourceTree = "<group>"; };
		3A408F1D249DE38200964D45 /* MyFriendsController.swift */ = {isa = PBXFileReference; lastKnownFileType = sourcecode.swift; path = MyFriendsController.swift; sourceTree = "<group>"; };
		3A408F20249DE7EB00964D45 /* MyFriendsCell.swift */ = {isa = PBXFileReference; lastKnownFileType = sourcecode.swift; path = MyFriendsCell.swift; sourceTree = "<group>"; };
		3A408F23249DEBC600964D45 /* AllGroupsCell.swift */ = {isa = PBXFileReference; lastKnownFileType = sourcecode.swift; path = AllGroupsCell.swift; sourceTree = "<group>"; };
		3A408F25249DEBD700964D45 /* MyGroupsCell.swift */ = {isa = PBXFileReference; lastKnownFileType = sourcecode.swift; path = MyGroupsCell.swift; sourceTree = "<group>"; };
		3A408F27249DEBE800964D45 /* AllGroupsController.swift */ = {isa = PBXFileReference; lastKnownFileType = sourcecode.swift; path = AllGroupsController.swift; sourceTree = "<group>"; };
		3A408F29249DEC1500964D45 /* MyGroupsController.swift */ = {isa = PBXFileReference; lastKnownFileType = sourcecode.swift; path = MyGroupsController.swift; sourceTree = "<group>"; };
		3A408F2D249F4B3A00964D45 /* FriendCell.swift */ = {isa = PBXFileReference; lastKnownFileType = sourcecode.swift; path = FriendCell.swift; sourceTree = "<group>"; };
		3A5593C12494B8740024A35A /* VK.app */ = {isa = PBXFileReference; explicitFileType = wrapper.application; includeInIndex = 0; path = VK.app; sourceTree = BUILT_PRODUCTS_DIR; };
		3A5593C42494B8740024A35A /* AppDelegate.swift */ = {isa = PBXFileReference; lastKnownFileType = sourcecode.swift; path = AppDelegate.swift; sourceTree = "<group>"; };
		3A5593CB2494B8740024A35A /* Base */ = {isa = PBXFileReference; lastKnownFileType = file.storyboard; name = Base; path = Base.lproj/Main.storyboard; sourceTree = "<group>"; };
		3A5593CD2494B8760024A35A /* Assets.xcassets */ = {isa = PBXFileReference; lastKnownFileType = folder.assetcatalog; path = Assets.xcassets; sourceTree = "<group>"; };
		3A5593D22494B8760024A35A /* Info.plist */ = {isa = PBXFileReference; lastKnownFileType = text.plist.xml; path = Info.plist; sourceTree = "<group>"; };
		3A5593D82494C5060024A35A /* LoginFormController.swift */ = {isa = PBXFileReference; lastKnownFileType = sourcecode.swift; path = LoginFormController.swift; sourceTree = "<group>"; };
		3A57017D24B32DCA0088C958 /* NewsModel.swift */ = {isa = PBXFileReference; lastKnownFileType = sourcecode.swift; path = NewsModel.swift; sourceTree = "<group>"; };
		3A57017F24B337AA0088C958 /* NewsPhotoCollectionCell.swift */ = {isa = PBXFileReference; lastKnownFileType = sourcecode.swift; path = NewsPhotoCollectionCell.swift; sourceTree = "<group>"; };
		3A57018024B337AA0088C958 /* NewsPhotoCollectionCell.xib */ = {isa = PBXFileReference; lastKnownFileType = file.xib; path = NewsPhotoCollectionCell.xib; sourceTree = "<group>"; };
		3A57018324B6EADE0088C958 /* LoadingView.swift */ = {isa = PBXFileReference; lastKnownFileType = sourcecode.swift; path = LoadingView.swift; sourceTree = "<group>"; };
		3A57018524B6EE420088C958 /* LoadingController.swift */ = {isa = PBXFileReference; lastKnownFileType = sourcecode.swift; path = LoadingController.swift; sourceTree = "<group>"; };
		3A628AC424D827AA0069394C /* VKResponse.swift */ = {isa = PBXFileReference; lastKnownFileType = sourcecode.swift; path = VKResponse.swift; sourceTree = "<group>"; };
		3A71D84124CCC0C700C37141 /* Session.swift */ = {isa = PBXFileReference; lastKnownFileType = sourcecode.swift; path = Session.swift; sourceTree = "<group>"; };
		3A77F19E24ACF043008F71C2 /* AvatarView.swift */ = {isa = PBXFileReference; lastKnownFileType = sourcecode.swift; path = AvatarView.swift; sourceTree = "<group>"; };
		3AA1F11224D1A2D200802C27 /* VKService.swift */ = {isa = PBXFileReference; lastKnownFileType = sourcecode.swift; path = VKService.swift; sourceTree = "<group>"; };
		3ABC9DBE24DB39F600687D22 /* Photos.swift */ = {isa = PBXFileReference; lastKnownFileType = sourcecode.swift; path = Photos.swift; sourceTree = "<group>"; };
		3ABC9DC124DC23CB00687D22 /* SliderViewController.swift */ = {isa = PBXFileReference; lastKnownFileType = sourcecode.swift; path = SliderViewController.swift; sourceTree = "<group>"; };
		3AE2FC5D24A87B1D009BFDF2 /* FriendViewController.swift */ = {isa = PBXFileReference; lastKnownFileType = sourcecode.swift; path = FriendViewController.swift; sourceTree = "<group>"; };
		3AE2FC5F24A8AD3F009BFDF2 /* LikeControl.swift */ = {isa = PBXFileReference; lastKnownFileType = sourcecode.swift; path = LikeControl.swift; sourceTree = "<group>"; };
		3AE719A524BE5C85005388C8 /* TransitionController.swift */ = {isa = PBXFileReference; lastKnownFileType = sourcecode.swift; path = TransitionController.swift; sourceTree = "<group>"; };
		3AE719A724BE5ECA005388C8 /* Animator.swift */ = {isa = PBXFileReference; lastKnownFileType = sourcecode.swift; path = Animator.swift; sourceTree = "<group>"; };
		3AE719A924BF6A3F005388C8 /* ZoomedPictureController.swift */ = {isa = PBXFileReference; lastKnownFileType = sourcecode.swift; path = ZoomedPictureController.swift; sourceTree = "<group>"; };
		3AE719AB24BF9F76005388C8 /* CGRectExtension.swift */ = {isa = PBXFileReference; lastKnownFileType = sourcecode.swift; path = CGRectExtension.swift; sourceTree = "<group>"; };
		3AEB870024D18BC400F2AF30 /* VkAuthViewController.swift */ = {isa = PBXFileReference; lastKnownFileType = sourcecode.swift; path = VkAuthViewController.swift; sourceTree = "<group>"; };
		3AEB870324D18C3900F2AF30 /* WebKit.framework */ = {isa = PBXFileReference; lastKnownFileType = wrapper.framework; name = WebKit.framework; path = System/Library/Frameworks/WebKit.framework; sourceTree = SDKROOT; };
		3AEFCD3C24AD1DA7000EDA36 /* FriendsHeader.swift */ = {isa = PBXFileReference; lastKnownFileType = sourcecode.swift; path = FriendsHeader.swift; sourceTree = "<group>"; };
		3AEFCD3E24ADA93A000EDA36 /* NewsCell.swift */ = {isa = PBXFileReference; lastKnownFileType = sourcecode.swift; path = NewsCell.swift; sourceTree = "<group>"; };
		3AEFCD3F24ADA93A000EDA36 /* NewsCell.xib */ = {isa = PBXFileReference; lastKnownFileType = file.xib; path = NewsCell.xib; sourceTree = "<group>"; };
		3AEFCD4324ADB265000EDA36 /* NewsController.swift */ = {isa = PBXFileReference; lastKnownFileType = sourcecode.swift; path = NewsController.swift; sourceTree = "<group>"; };
/* End PBXFileReference section */

/* Begin PBXFrameworksBuildPhase section */
		3A5593BE2494B8740024A35A /* Frameworks */ = {
			isa = PBXFrameworksBuildPhase;
			buildActionMask = 2147483647;
			files = (
				3AA2A8AC24D4C953002CB130 /* Kingfisher in Frameworks */,
				3AEB870424D18C3900F2AF30 /* WebKit.framework in Frameworks */,
				3A628AC324D815F00069394C /* SwiftyJSON in Frameworks */,
				3AEB86FF24D18AFD00F2AF30 /* Alamofire in Frameworks */,
			);
			runOnlyForDeploymentPostprocessing = 0;
		};
/* End PBXFrameworksBuildPhase section */

/* Begin PBXGroup section */
		3A21E086249F5B7200C604AD /* Model */ = {
			isa = PBXGroup;
			children = (
				3AA1F11224D1A2D200802C27 /* VKService.swift */,
				3A21E087249F5B9100C604AD /* User.swift */,
				3A21E08A249F5BA900C604AD /* Group.swift */,
				3A57017D24B32DCA0088C958 /* NewsModel.swift */,
				3A71D84124CCC0C700C37141 /* Session.swift */,
				3A628AC424D827AA0069394C /* VKResponse.swift */,
				3ABC9DBE24DB39F600687D22 /* Photos.swift */,
			);
			path = Model;
			sourceTree = "<group>";
		};
		3A5593B82494B8740024A35A = {
			isa = PBXGroup;
			children = (
				3A5593C32494B8740024A35A /* VK */,
				3AEB870224D18C3800F2AF30 /* Frameworks */,
			);
			sourceTree = "<group>";
		};
		3A5593C22494B8740024A35A /* Products */ = {
			isa = PBXGroup;
			children = (
				3A5593C12494B8740024A35A /* VK.app */,
			);
			name = Products;
			path = ../..;
			sourceTree = "<group>";
		};
		3A5593C32494B8740024A35A /* VK */ = {
			isa = PBXGroup;
			children = (
				3A71D84624CCC38500C37141 /* Storyboard */,
				3A71D84424CCC35400C37141 /* Controllers */,
				3A71D84324CCC34600C37141 /* Views */,
				3AEFCD3B24AD1999000EDA36 /* CustomClasses */,
				3A21E086249F5B7200C604AD /* Model */,
				3A71D84524CCC35B00C37141 /* App */,
			);
			path = VK;
			sourceTree = "<group>";
		};
		3A71D84324CCC34600C37141 /* Views */ = {
			isa = PBXGroup;
			children = (
				3AEFCD3E24ADA93A000EDA36 /* NewsCell.swift */,
				3AEFCD3F24ADA93A000EDA36 /* NewsCell.xib */,
				3A57017F24B337AA0088C958 /* NewsPhotoCollectionCell.swift */,
				3A57018024B337AA0088C958 /* NewsPhotoCollectionCell.xib */,
				3A77F19E24ACF043008F71C2 /* AvatarView.swift */,
				3A57018324B6EADE0088C958 /* LoadingView.swift */,
				3A408F23249DEBC600964D45 /* AllGroupsCell.swift */,
				3A408F25249DEBD700964D45 /* MyGroupsCell.swift */,
				3A408F2D249F4B3A00964D45 /* FriendCell.swift */,
				3A408F20249DE7EB00964D45 /* MyFriendsCell.swift */,
				3AE2FC5F24A8AD3F009BFDF2 /* LikeControl.swift */,
			);
			path = Views;
			sourceTree = "<group>";
		};
		3A71D84424CCC35400C37141 /* Controllers */ = {
			isa = PBXGroup;
			children = (
				3AEFCD4324ADB265000EDA36 /* NewsController.swift */,
				3A57018524B6EE420088C958 /* LoadingController.swift */,
				3AE719A924BF6A3F005388C8 /* ZoomedPictureController.swift */,
				3A408F27249DEBE800964D45 /* AllGroupsController.swift */,
				3A408F29249DEC1500964D45 /* MyGroupsController.swift */,
				3A408F1D249DE38200964D45 /* MyFriendsController.swift */,
				3AE2FC5D24A87B1D009BFDF2 /* FriendViewController.swift */,
				3A5593D82494C5060024A35A /* LoginFormController.swift */,
				3AEB870024D18BC400F2AF30 /* VkAuthViewController.swift */,
				3ABC9DC124DC23CB00687D22 /* SliderViewController.swift */,
			);
			path = Controllers;
			sourceTree = "<group>";
		};
		3A71D84524CCC35B00C37141 /* App */ = {
			isa = PBXGroup;
			children = (
				3A5593C42494B8740024A35A /* AppDelegate.swift */,
				3A5593CD2494B8760024A35A /* Assets.xcassets */,
				3A5593D22494B8760024A35A /* Info.plist */,
				3A5593C22494B8740024A35A /* Products */,
			);
			path = App;
			sourceTree = "<group>";
		};
		3A71D84624CCC38500C37141 /* Storyboard */ = {
			isa = PBXGroup;
			children = (
				3A5593CA2494B8740024A35A /* Main.storyboard */,
			);
			path = Storyboard;
			sourceTree = "<group>";
		};
		3AEB870224D18C3800F2AF30 /* Frameworks */ = {
			isa = PBXGroup;
			children = (
				3AEB870324D18C3900F2AF30 /* WebKit.framework */,
			);
			name = Frameworks;
			sourceTree = "<group>";
		};
		3AEFCD3B24AD1999000EDA36 /* CustomClasses */ = {
			isa = PBXGroup;
			children = (
				3AEFCD3C24AD1DA7000EDA36 /* FriendsHeader.swift */,
				3AE719A524BE5C85005388C8 /* TransitionController.swift */,
				3AE719A724BE5ECA005388C8 /* Animator.swift */,
				3AE719AB24BF9F76005388C8 /* CGRectExtension.swift */,
			);
			path = CustomClasses;
			sourceTree = "<group>";
		};
/* End PBXGroup section */

/* Begin PBXNativeTarget section */
		3A5593C02494B8740024A35A /* VK */ = {
			isa = PBXNativeTarget;
			buildConfigurationList = 3A5593D52494B8760024A35A /* Build configuration list for PBXNativeTarget "VK" */;
			buildPhases = (
				3A5593BD2494B8740024A35A /* Sources */,
				3A5593BE2494B8740024A35A /* Frameworks */,
				3A5593BF2494B8740024A35A /* Resources */,
			);
			buildRules = (
			);
			dependencies = (
			);
			name = VK;
			packageProductDependencies = (
				3AEB86FE24D18AFD00F2AF30 /* Alamofire */,
				3AA2A8AB24D4C953002CB130 /* Kingfisher */,
				3A628AC224D815F00069394C /* SwiftyJSON */,
			);
			productName = VK;
			productReference = 3A5593C12494B8740024A35A /* VK.app */;
			productType = "com.apple.product-type.application";
		};
/* End PBXNativeTarget section */

/* Begin PBXProject section */
		3A5593B92494B8740024A35A /* Project object */ = {
			isa = PBXProject;
			attributes = {
				LastSwiftUpdateCheck = 1150;
				LastUpgradeCheck = 1150;
				ORGANIZATIONNAME = "Антон Васильченко";
				TargetAttributes = {
					3A5593C02494B8740024A35A = {
						CreatedOnToolsVersion = 11.5;
					};
				};
			};
			buildConfigurationList = 3A5593BC2494B8740024A35A /* Build configuration list for PBXProject "VK" */;
			compatibilityVersion = "Xcode 9.3";
			developmentRegion = en;
			hasScannedForEncodings = 0;
			knownRegions = (
				en,
				Base,
			);
			mainGroup = 3A5593B82494B8740024A35A;
			packageReferences = (
				3AEB86FD24D18AFD00F2AF30 /* XCRemoteSwiftPackageReference "Alamofire" */,
				3AA2A8AA24D4C953002CB130 /* XCRemoteSwiftPackageReference "Kingfisher" */,
				3A628AC124D815F00069394C /* XCRemoteSwiftPackageReference "SwiftyJSON" */,
			);
			productRefGroup = 3A5593C22494B8740024A35A /* Products */;
			projectDirPath = "";
			projectRoot = "";
			targets = (
				3A5593C02494B8740024A35A /* VK */,
			);
		};
/* End PBXProject section */

/* Begin PBXResourcesBuildPhase section */
		3A5593BF2494B8740024A35A /* Resources */ = {
			isa = PBXResourcesBuildPhase;
			buildActionMask = 2147483647;
			files = (
				3AEFCD4124ADA93A000EDA36 /* NewsCell.xib in Resources */,
				3A5593CE2494B8760024A35A /* Assets.xcassets in Resources */,
				3A5593CC2494B8740024A35A /* Main.storyboard in Resources */,
				3A57018224B337AA0088C958 /* NewsPhotoCollectionCell.xib in Resources */,
			);
			runOnlyForDeploymentPostprocessing = 0;
		};
/* End PBXResourcesBuildPhase section */

/* Begin PBXSourcesBuildPhase section */
		3A5593BD2494B8740024A35A /* Sources */ = {
			isa = PBXSourcesBuildPhase;
			buildActionMask = 2147483647;
			files = (
				3A408F28249DEBE800964D45 /* AllGroupsController.swift in Sources */,
				3A5593C52494B8740024A35A /* AppDelegate.swift in Sources */,
				3A5593D92494C5060024A35A /* LoginFormController.swift in Sources */,
				3A21E08B249F5BA900C604AD /* Group.swift in Sources */,
				3A77F19F24ACF043008F71C2 /* AvatarView.swift in Sources */,
				3A408F1E249DE38200964D45 /* MyFriendsController.swift in Sources */,
				3AE719AA24BF6A3F005388C8 /* ZoomedPictureController.swift in Sources */,
				3AEFCD4024ADA93A000EDA36 /* NewsCell.swift in Sources */,
				3A408F24249DEBC600964D45 /* AllGroupsCell.swift in Sources */,
				3AEFCD3D24AD1DA7000EDA36 /* FriendsHeader.swift in Sources */,
				3AEB870124D18BC400F2AF30 /* VkAuthViewController.swift in Sources */,
				3AE2FC6024A8AD3F009BFDF2 /* LikeControl.swift in Sources */,
				3A408F2A249DEC1500964D45 /* MyGroupsController.swift in Sources */,
				3AE2FC5E24A87B1D009BFDF2 /* FriendViewController.swift in Sources */,
				3A57017E24B32DCA0088C958 /* NewsModel.swift in Sources */,
				3A57018424B6EADE0088C958 /* LoadingView.swift in Sources */,
				3AEFCD4424ADB265000EDA36 /* NewsController.swift in Sources */,
				3A57018624B6EE420088C958 /* LoadingController.swift in Sources */,
				3AE719A624BE5C85005388C8 /* TransitionController.swift in Sources */,
				3A408F21249DE7EB00964D45 /* MyFriendsCell.swift in Sources */,
				3A408F26249DEBD700964D45 /* MyGroupsCell.swift in Sources */,
				3ABC9DBF24DB39F600687D22 /* Photos.swift in Sources */,
				3ABC9DC224DC23CB00687D22 /* SliderViewController.swift in Sources */,
				3A71D84224CCC0C700C37141 /* Session.swift in Sources */,
				3AE719AC24BF9F76005388C8 /* CGRectExtension.swift in Sources */,
				3AA1F11324D1A2D200802C27 /* VKService.swift in Sources */,
				3A408F2E249F4B3A00964D45 /* FriendCell.swift in Sources */,
				3A628AC524D827AA0069394C /* VKResponse.swift in Sources */,
				3A57018124B337AA0088C958 /* NewsPhotoCollectionCell.swift in Sources */,
				3AE719A824BE5ECA005388C8 /* Animator.swift in Sources */,
				3A21E088249F5B9100C604AD /* User.swift in Sources */,
			);
			runOnlyForDeploymentPostprocessing = 0;
		};
/* End PBXSourcesBuildPhase section */

/* Begin PBXVariantGroup section */
		3A5593CA2494B8740024A35A /* Main.storyboard */ = {
			isa = PBXVariantGroup;
			children = (
				3A5593CB2494B8740024A35A /* Base */,
			);
			name = Main.storyboard;
			sourceTree = "<group>";
		};
/* End PBXVariantGroup section */

/* Begin XCBuildConfiguration section */
		3A5593D32494B8760024A35A /* Debug */ = {
			isa = XCBuildConfiguration;
			buildSettings = {
				ALWAYS_SEARCH_USER_PATHS = NO;
				CLANG_ANALYZER_NONNULL = YES;
				CLANG_ANALYZER_NUMBER_OBJECT_CONVERSION = YES_AGGRESSIVE;
				CLANG_CXX_LANGUAGE_STANDARD = "gnu++14";
				CLANG_CXX_LIBRARY = "libc++";
				CLANG_ENABLE_MODULES = YES;
				CLANG_ENABLE_OBJC_ARC = YES;
				CLANG_ENABLE_OBJC_WEAK = YES;
				CLANG_WARN_BLOCK_CAPTURE_AUTORELEASING = YES;
				CLANG_WARN_BOOL_CONVERSION = YES;
				CLANG_WARN_COMMA = YES;
				CLANG_WARN_CONSTANT_CONVERSION = YES;
				CLANG_WARN_DEPRECATED_OBJC_IMPLEMENTATIONS = YES;
				CLANG_WARN_DIRECT_OBJC_ISA_USAGE = YES_ERROR;
				CLANG_WARN_DOCUMENTATION_COMMENTS = YES;
				CLANG_WARN_EMPTY_BODY = YES;
				CLANG_WARN_ENUM_CONVERSION = YES;
				CLANG_WARN_INFINITE_RECURSION = YES;
				CLANG_WARN_INT_CONVERSION = YES;
				CLANG_WARN_NON_LITERAL_NULL_CONVERSION = YES;
				CLANG_WARN_OBJC_IMPLICIT_RETAIN_SELF = YES;
				CLANG_WARN_OBJC_LITERAL_CONVERSION = YES;
				CLANG_WARN_OBJC_ROOT_CLASS = YES_ERROR;
				CLANG_WARN_RANGE_LOOP_ANALYSIS = YES;
				CLANG_WARN_STRICT_PROTOTYPES = YES;
				CLANG_WARN_SUSPICIOUS_MOVE = YES;
				CLANG_WARN_UNGUARDED_AVAILABILITY = YES_AGGRESSIVE;
				CLANG_WARN_UNREACHABLE_CODE = YES;
				CLANG_WARN__DUPLICATE_METHOD_MATCH = YES;
				COPY_PHASE_STRIP = NO;
				DEBUG_INFORMATION_FORMAT = dwarf;
				ENABLE_STRICT_OBJC_MSGSEND = YES;
				ENABLE_TESTABILITY = YES;
				GCC_C_LANGUAGE_STANDARD = gnu11;
				GCC_DYNAMIC_NO_PIC = NO;
				GCC_NO_COMMON_BLOCKS = YES;
				GCC_OPTIMIZATION_LEVEL = 0;
				GCC_PREPROCESSOR_DEFINITIONS = (
					"DEBUG=1",
					"$(inherited)",
				);
				GCC_WARN_64_TO_32_BIT_CONVERSION = YES;
				GCC_WARN_ABOUT_RETURN_TYPE = YES_ERROR;
				GCC_WARN_UNDECLARED_SELECTOR = YES;
				GCC_WARN_UNINITIALIZED_AUTOS = YES_AGGRESSIVE;
				GCC_WARN_UNUSED_FUNCTION = YES;
				GCC_WARN_UNUSED_VARIABLE = YES;
				IPHONEOS_DEPLOYMENT_TARGET = 13.5;
				MTL_ENABLE_DEBUG_INFO = INCLUDE_SOURCE;
				MTL_FAST_MATH = YES;
				ONLY_ACTIVE_ARCH = YES;
				SDKROOT = iphoneos;
				SWIFT_ACTIVE_COMPILATION_CONDITIONS = DEBUG;
				SWIFT_OPTIMIZATION_LEVEL = "-Onone";
			};
			name = Debug;
		};
		3A5593D42494B8760024A35A /* Release */ = {
			isa = XCBuildConfiguration;
			buildSettings = {
				ALWAYS_SEARCH_USER_PATHS = NO;
				CLANG_ANALYZER_NONNULL = YES;
				CLANG_ANALYZER_NUMBER_OBJECT_CONVERSION = YES_AGGRESSIVE;
				CLANG_CXX_LANGUAGE_STANDARD = "gnu++14";
				CLANG_CXX_LIBRARY = "libc++";
				CLANG_ENABLE_MODULES = YES;
				CLANG_ENABLE_OBJC_ARC = YES;
				CLANG_ENABLE_OBJC_WEAK = YES;
				CLANG_WARN_BLOCK_CAPTURE_AUTORELEASING = YES;
				CLANG_WARN_BOOL_CONVERSION = YES;
				CLANG_WARN_COMMA = YES;
				CLANG_WARN_CONSTANT_CONVERSION = YES;
				CLANG_WARN_DEPRECATED_OBJC_IMPLEMENTATIONS = YES;
				CLANG_WARN_DIRECT_OBJC_ISA_USAGE = YES_ERROR;
				CLANG_WARN_DOCUMENTATION_COMMENTS = YES;
				CLANG_WARN_EMPTY_BODY = YES;
				CLANG_WARN_ENUM_CONVERSION = YES;
				CLANG_WARN_INFINITE_RECURSION = YES;
				CLANG_WARN_INT_CONVERSION = YES;
				CLANG_WARN_NON_LITERAL_NULL_CONVERSION = YES;
				CLANG_WARN_OBJC_IMPLICIT_RETAIN_SELF = YES;
				CLANG_WARN_OBJC_LITERAL_CONVERSION = YES;
				CLANG_WARN_OBJC_ROOT_CLASS = YES_ERROR;
				CLANG_WARN_RANGE_LOOP_ANALYSIS = YES;
				CLANG_WARN_STRICT_PROTOTYPES = YES;
				CLANG_WARN_SUSPICIOUS_MOVE = YES;
				CLANG_WARN_UNGUARDED_AVAILABILITY = YES_AGGRESSIVE;
				CLANG_WARN_UNREACHABLE_CODE = YES;
				CLANG_WARN__DUPLICATE_METHOD_MATCH = YES;
				COPY_PHASE_STRIP = NO;
				DEBUG_INFORMATION_FORMAT = "dwarf-with-dsym";
				ENABLE_NS_ASSERTIONS = NO;
				ENABLE_STRICT_OBJC_MSGSEND = YES;
				GCC_C_LANGUAGE_STANDARD = gnu11;
				GCC_NO_COMMON_BLOCKS = YES;
				GCC_WARN_64_TO_32_BIT_CONVERSION = YES;
				GCC_WARN_ABOUT_RETURN_TYPE = YES_ERROR;
				GCC_WARN_UNDECLARED_SELECTOR = YES;
				GCC_WARN_UNINITIALIZED_AUTOS = YES_AGGRESSIVE;
				GCC_WARN_UNUSED_FUNCTION = YES;
				GCC_WARN_UNUSED_VARIABLE = YES;
				IPHONEOS_DEPLOYMENT_TARGET = 13.5;
				MTL_ENABLE_DEBUG_INFO = NO;
				MTL_FAST_MATH = YES;
				SDKROOT = iphoneos;
				SWIFT_COMPILATION_MODE = wholemodule;
				SWIFT_OPTIMIZATION_LEVEL = "-O";
				VALIDATE_PRODUCT = YES;
			};
			name = Release;
		};
		3A5593D62494B8760024A35A /* Debug */ = {
			isa = XCBuildConfiguration;
			buildSettings = {
				ASSETCATALOG_COMPILER_APPICON_NAME = AppIcon;
				CODE_SIGN_STYLE = Automatic;
				DEVELOPMENT_TEAM = 6L8Y48RX9J;
				INFOPLIST_FILE = VK/App/Info.plist;
				LD_RUNPATH_SEARCH_PATHS = (
					"$(inherited)",
					"@executable_path/Frameworks",
				);
				PRODUCT_BUNDLE_IDENTIFIER = "-.VK";
				PRODUCT_NAME = "$(TARGET_NAME)";
				SWIFT_VERSION = 5.0;
				TARGETED_DEVICE_FAMILY = "1,2";
			};
			name = Debug;
		};
		3A5593D72494B8760024A35A /* Release */ = {
			isa = XCBuildConfiguration;
			buildSettings = {
				ASSETCATALOG_COMPILER_APPICON_NAME = AppIcon;
				CODE_SIGN_STYLE = Automatic;
				DEVELOPMENT_TEAM = 6L8Y48RX9J;
				INFOPLIST_FILE = VK/App/Info.plist;
				LD_RUNPATH_SEARCH_PATHS = (
					"$(inherited)",
					"@executable_path/Frameworks",
				);
				PRODUCT_BUNDLE_IDENTIFIER = "-.VK";
				PRODUCT_NAME = "$(TARGET_NAME)";
				SWIFT_VERSION = 5.0;
				TARGETED_DEVICE_FAMILY = "1,2";
			};
			name = Release;
		};
/* End XCBuildConfiguration section */

/* Begin XCConfigurationList section */
		3A5593BC2494B8740024A35A /* Build configuration list for PBXProject "VK" */ = {
			isa = XCConfigurationList;
			buildConfigurations = (
				3A5593D32494B8760024A35A /* Debug */,
				3A5593D42494B8760024A35A /* Release */,
			);
			defaultConfigurationIsVisible = 0;
			defaultConfigurationName = Release;
		};
		3A5593D52494B8760024A35A /* Build configuration list for PBXNativeTarget "VK" */ = {
			isa = XCConfigurationList;
			buildConfigurations = (
				3A5593D62494B8760024A35A /* Debug */,
				3A5593D72494B8760024A35A /* Release */,
			);
			defaultConfigurationIsVisible = 0;
			defaultConfigurationName = Release;
		};
/* End XCConfigurationList section */

/* Begin XCRemoteSwiftPackageReference section */
		3A628AC124D815F00069394C /* XCRemoteSwiftPackageReference "SwiftyJSON" */ = {
			isa = XCRemoteSwiftPackageReference;
			repositoryURL = "https://github.com/SwiftyJSON/SwiftyJSON.git";
			requirement = {
				kind = upToNextMajorVersion;
				minimumVersion = 5.0.0;
			};
		};
		3AA2A8AA24D4C953002CB130 /* XCRemoteSwiftPackageReference "Kingfisher" */ = {
			isa = XCRemoteSwiftPackageReference;
			repositoryURL = "https://github.com/onevcat/Kingfisher.git";
			requirement = {
				kind = upToNextMajorVersion;
				minimumVersion = 5.14.1;
			};
		};
		3AEB86FD24D18AFD00F2AF30 /* XCRemoteSwiftPackageReference "Alamofire" */ = {
			isa = XCRemoteSwiftPackageReference;
			repositoryURL = "https://github.com/Alamofire/Alamofire.git";
			requirement = {
				kind = upToNextMajorVersion;
				minimumVersion = 5.2.2;
			};
		};
/* End XCRemoteSwiftPackageReference section */

/* Begin XCSwiftPackageProductDependency section */
		3A628AC224D815F00069394C /* SwiftyJSON */ = {
			isa = XCSwiftPackageProductDependency;
			package = 3A628AC124D815F00069394C /* XCRemoteSwiftPackageReference "SwiftyJSON" */;
			productName = SwiftyJSON;
		};
		3AA2A8AB24D4C953002CB130 /* Kingfisher */ = {
			isa = XCSwiftPackageProductDependency;
			package = 3AA2A8AA24D4C953002CB130 /* XCRemoteSwiftPackageReference "Kingfisher" */;
			productName = Kingfisher;
		};
		3AEB86FE24D18AFD00F2AF30 /* Alamofire */ = {
			isa = XCSwiftPackageProductDependency;
			package = 3AEB86FD24D18AFD00F2AF30 /* XCRemoteSwiftPackageReference "Alamofire" */;
			productName = Alamofire;
		};
/* End XCSwiftPackageProductDependency section */
	};
	rootObject = 3A5593B92494B8740024A35A /* Project object */;
}
